// !$*UTF8*$!
{
	archiveVersion = 1;
	classes = {
	};
	objectVersion = 50;
	objects = {

/* Begin PBXBuildFile section */
		7FC02249213FE3DF00419C45 /* VideoModel.m in Sources */ = {isa = PBXBuildFile; fileRef = 7FC02247213FE3DF00419C45 /* VideoModel.m */; };
		7FC0224C2140CAE800419C45 /* AppIcon40x40@2x.png in Resources */ = {isa = PBXBuildFile; fileRef = 7FC0224B2140CAE800419C45 /* AppIcon40x40@2x.png */; };
		7FC022502140D28100419C45 /* ZZVideoPlayer.m in Sources */ = {isa = PBXBuildFile; fileRef = 7FC0224F2140D28100419C45 /* ZZVideoPlayer.m */; };
		7FC02253214103C400419C45 /* ZZVideoResourceLoader.m in Sources */ = {isa = PBXBuildFile; fileRef = 7FC02252214103C300419C45 /* ZZVideoResourceLoader.m */; };
		7FC022742141137500419C45 /* JPResourceLoadingRequestTask.m in Sources */ = {isa = PBXBuildFile; fileRef = 7FC022552141136B00419C45 /* JPResourceLoadingRequestTask.m */; };
		7FC022752141137500419C45 /* UIView+WebVideoCache.m in Sources */ = {isa = PBXBuildFile; fileRef = 7FC022572141136B00419C45 /* UIView+WebVideoCache.m */; };
		7FC022762141137500419C45 /* JPVideoPlayerCacheFile.m in Sources */ = {isa = PBXBuildFile; fileRef = 7FC022592141136C00419C45 /* JPVideoPlayerCacheFile.m */; };
		7FC022772141137500419C45 /* JPVideoPlayerCache.m in Sources */ = {isa = PBXBuildFile; fileRef = 7FC0225A2141136C00419C45 /* JPVideoPlayerCache.m */; };
		7FC022782141137500419C45 /* JPVideoPlayerCachePath.m in Sources */ = {isa = PBXBuildFile; fileRef = 7FC0225B2141136D00419C45 /* JPVideoPlayerCachePath.m */; };
		7FC022792141137500419C45 /* JPVideoPlayerSupportUtils.m in Sources */ = {isa = PBXBuildFile; fileRef = 7FC0225C2141136D00419C45 /* JPVideoPlayerSupportUtils.m */; };
		7FC0227A2141137500419C45 /* JPVideoPlayer.bundle in Resources */ = {isa = PBXBuildFile; fileRef = 7FC022602141136F00419C45 /* JPVideoPlayer.bundle */; };
		7FC0227B2141137500419C45 /* JPVideoPlayerDownloader.m in Sources */ = {isa = PBXBuildFile; fileRef = 7FC022632141137000419C45 /* JPVideoPlayerDownloader.m */; };
		7FC0227C2141137500419C45 /* JPVideoPlayer.m in Sources */ = {isa = PBXBuildFile; fileRef = 7FC022642141137100419C45 /* JPVideoPlayer.m */; };
		7FC0227D2141137500419C45 /* JPVideoPlayerResourceLoader.m in Sources */ = {isa = PBXBuildFile; fileRef = 7FC022652141137100419C45 /* JPVideoPlayerResourceLoader.m */; };
		7FC0227E2141137500419C45 /* UITableView+WebVideoCache.m in Sources */ = {isa = PBXBuildFile; fileRef = 7FC022662141137100419C45 /* UITableView+WebVideoCache.m */; };
		7FC0227F2141137500419C45 /* JPVideoPlayerManager.m in Sources */ = {isa = PBXBuildFile; fileRef = 7FC022682141137100419C45 /* JPVideoPlayerManager.m */; };
		7FC022802141137500419C45 /* JPVideoPlayerControlViews.m in Sources */ = {isa = PBXBuildFile; fileRef = 7FC0226B2141137200419C45 /* JPVideoPlayerControlViews.m */; };
		7FC022812141137500419C45 /* JPVideoPlayerCompat.m in Sources */ = {isa = PBXBuildFile; fileRef = 7FC0226F2141137300419C45 /* JPVideoPlayerCompat.m */; };
		7FC022822141137500419C45 /* UITableViewCell+WebVideoCache.m in Sources */ = {isa = PBXBuildFile; fileRef = 7FC022732141137500419C45 /* UITableViewCell+WebVideoCache.m */; };
		7FC022852141266800419C45 /* BaseURLSessionDataTask.m in Sources */ = {isa = PBXBuildFile; fileRef = 7FC022842141266800419C45 /* BaseURLSessionDataTask.m */; };
		7FC02288214127F200419C45 /* NSURLSessionDataTask+CustomContent.m in Sources */ = {isa = PBXBuildFile; fileRef = 7FC02287214127F200419C45 /* NSURLSessionDataTask+CustomContent.m */; };
		7FE36B05213D64CE00EF2E9A /* AppDelegate.m in Sources */ = {isa = PBXBuildFile; fileRef = 7FE36B04213D64CE00EF2E9A /* AppDelegate.m */; };
		7FE36B0B213D64CE00EF2E9A /* Main.storyboard in Resources */ = {isa = PBXBuildFile; fileRef = 7FE36B09213D64CE00EF2E9A /* Main.storyboard */; };
		7FE36B0D213D64D700EF2E9A /* Assets.xcassets in Resources */ = {isa = PBXBuildFile; fileRef = 7FE36B0C213D64D700EF2E9A /* Assets.xcassets */; };
		7FE36B10213D64D700EF2E9A /* LaunchScreen.storyboard in Resources */ = {isa = PBXBuildFile; fileRef = 7FE36B0E213D64D700EF2E9A /* LaunchScreen.storyboard */; };
		7FE36B13213D64D700EF2E9A /* main.m in Sources */ = {isa = PBXBuildFile; fileRef = 7FE36B12213D64D700EF2E9A /* main.m */; };
		7FE36B1D213D64D700EF2E9A /* PopTinerTests.m in Sources */ = {isa = PBXBuildFile; fileRef = 7FE36B1C213D64D700EF2E9A /* PopTinerTests.m */; };
		7FE36B28213D64D700EF2E9A /* PopTinerUITests.m in Sources */ = {isa = PBXBuildFile; fileRef = 7FE36B27213D64D700EF2E9A /* PopTinerUITests.m */; };
		7FE36B38213D664D00EF2E9A /* BaseTabbarController.m in Sources */ = {isa = PBXBuildFile; fileRef = 7FE36B37213D664D00EF2E9A /* BaseTabbarController.m */; };
		7FE36B3B213D666300EF2E9A /* BaseViewController.m in Sources */ = {isa = PBXBuildFile; fileRef = 7FE36B3A213D666300EF2E9A /* BaseViewController.m */; };
		7FE36B3E213D668800EF2E9A /* BaseNavController.m in Sources */ = {isa = PBXBuildFile; fileRef = 7FE36B3D213D668800EF2E9A /* BaseNavController.m */; };
		7FE36B44213F6E9100EF2E9A /* BasePageViewController.m in Sources */ = {isa = PBXBuildFile; fileRef = 7FE36B43213F6E9100EF2E9A /* BasePageViewController.m */; };
		7FE36B47213F746B00EF2E9A /* HomeVC.m in Sources */ = {isa = PBXBuildFile; fileRef = 7FE36B46213F746B00EF2E9A /* HomeVC.m */; };
		7FE36B53213F775100EF2E9A /* AppIcon60x60@2x.png in Resources */ = {isa = PBXBuildFile; fileRef = 7FE36B4A213F774300EF2E9A /* AppIcon60x60@2x.png */; };
		7FE36B54213F775100EF2E9A /* AppIcon60x60@3x.png in Resources */ = {isa = PBXBuildFile; fileRef = 7FE36B4B213F774900EF2E9A /* AppIcon60x60@3x.png */; };
		7FE36B55213F775100EF2E9A /* AppIcon76x76@2x~ipad.png in Resources */ = {isa = PBXBuildFile; fileRef = 7FE36B4C213F774B00EF2E9A /* AppIcon76x76@2x~ipad.png */; };
		7FE36B56213F775100EF2E9A /* AppIcon40x40@3x.png in Resources */ = {isa = PBXBuildFile; fileRef = 7FE36B4D213F774E00EF2E9A /* AppIcon40x40@3x.png */; };
		7FE36B57213F775100EF2E9A /* AppIcon76x76~ipad.png in Resources */ = {isa = PBXBuildFile; fileRef = 7FE36B4E213F774F00EF2E9A /* AppIcon76x76~ipad.png */; };
		7FE36B58213F775100EF2E9A /* AppIcon29x29@3x.png in Resources */ = {isa = PBXBuildFile; fileRef = 7FE36B4F213F775000EF2E9A /* AppIcon29x29@3x.png */; };
		7FE36B59213F775100EF2E9A /* AppIcon83.5x83.5@2x~ipad.png in Resources */ = {isa = PBXBuildFile; fileRef = 7FE36B50213F775100EF2E9A /* AppIcon83.5x83.5@2x~ipad.png */; };
		7FE36B5A213F775100EF2E9A /* AppIcon29x29@2x.png in Resources */ = {isa = PBXBuildFile; fileRef = 7FE36B51213F775100EF2E9A /* AppIcon29x29@2x.png */; };
		7FE36B5C213F7C6800EF2E9A /* AppIcon1024.png in Resources */ = {isa = PBXBuildFile; fileRef = 7FE36B5B213F7C6700EF2E9A /* AppIcon1024.png */; };
		7FE36B63213F9A7800EF2E9A /* IJKMediaFramework.framework in Frameworks */ = {isa = PBXBuildFile; fileRef = 7FE36B62213F9A7700EF2E9A /* IJKMediaFramework.framework */; };
		7FE36B67213F9AB000EF2E9A /* libz.tbd in Frameworks */ = {isa = PBXBuildFile; fileRef = 7FE36B66213F9AB000EF2E9A /* libz.tbd */; };
		7FE36B69213F9AB900EF2E9A /* libbz2.tbd in Frameworks */ = {isa = PBXBuildFile; fileRef = 7FE36B68213F9AB900EF2E9A /* libbz2.tbd */; };
		7FE36B6B213F9AC000EF2E9A /* AudioToolbox.framework in Frameworks */ = {isa = PBXBuildFile; fileRef = 7FE36B6A213F9AC000EF2E9A /* AudioToolbox.framework */; };
		7FE36B6D213F9AC700EF2E9A /* UIKit.framework in Frameworks */ = {isa = PBXBuildFile; fileRef = 7FE36B6C213F9AC700EF2E9A /* UIKit.framework */; };
		7FE36B6F213F9ACE00EF2E9A /* CoreGraphics.framework in Frameworks */ = {isa = PBXBuildFile; fileRef = 7FE36B6E213F9ACE00EF2E9A /* CoreGraphics.framework */; };
		7FE36B71213F9AD500EF2E9A /* AVFoundation.framework in Frameworks */ = {isa = PBXBuildFile; fileRef = 7FE36B70213F9AD500EF2E9A /* AVFoundation.framework */; };
		7FE36B73213F9ADD00EF2E9A /* CoreMedia.framework in Frameworks */ = {isa = PBXBuildFile; fileRef = 7FE36B72213F9ADD00EF2E9A /* CoreMedia.framework */; };
		7FE36B75213F9AE400EF2E9A /* CoreVideo.framework in Frameworks */ = {isa = PBXBuildFile; fileRef = 7FE36B74213F9AE400EF2E9A /* CoreVideo.framework */; };
		7FE36B77213F9AEB00EF2E9A /* MediaPlayer.framework in Frameworks */ = {isa = PBXBuildFile; fileRef = 7FE36B76213F9AEB00EF2E9A /* MediaPlayer.framework */; };
		7FE36B79213F9AF200EF2E9A /* MobileCoreServices.framework in Frameworks */ = {isa = PBXBuildFile; fileRef = 7FE36B78213F9AF200EF2E9A /* MobileCoreServices.framework */; };
		7FE36B7B213F9AF800EF2E9A /* OpenGLES.framework in Frameworks */ = {isa = PBXBuildFile; fileRef = 7FE36B7A213F9AF800EF2E9A /* OpenGLES.framework */; };
		7FE36B7D213F9AFF00EF2E9A /* QuartzCore.framework in Frameworks */ = {isa = PBXBuildFile; fileRef = 7FE36B7C213F9AFF00EF2E9A /* QuartzCore.framework */; };
		7FE36B7F213F9B0600EF2E9A /* VideoToolbox.framework in Frameworks */ = {isa = PBXBuildFile; fileRef = 7FE36B7E213F9B0600EF2E9A /* VideoToolbox.framework */; };
		7FE36B81213F9B7200EF2E9A /* libstdc++.tbd in Frameworks */ = {isa = PBXBuildFile; fileRef = 7FE36B80213F9B7200EF2E9A /* libstdc++.tbd */; };
		7FE36B83213F9BA500EF2E9A /* libc++.tbd in Frameworks */ = {isa = PBXBuildFile; fileRef = 7FE36B82213F9BA500EF2E9A /* libc++.tbd */; };
		D27BED4F8C1570504DB60B36 /* libPods-PopTiner.a in Frameworks */ = {isa = PBXBuildFile; fileRef = E8ED2DD0CF551C7650B5E450 /* libPods-PopTiner.a */; };
/* End PBXBuildFile section */

/* Begin PBXContainerItemProxy section */
		7FE36B19213D64D700EF2E9A /* PBXContainerItemProxy */ = {
			isa = PBXContainerItemProxy;
			containerPortal = 7FE36AF8213D64CE00EF2E9A /* Project object */;
			proxyType = 1;
			remoteGlobalIDString = 7FE36AFF213D64CE00EF2E9A;
			remoteInfo = PopTiner;
		};
		7FE36B24213D64D700EF2E9A /* PBXContainerItemProxy */ = {
			isa = PBXContainerItemProxy;
			containerPortal = 7FE36AF8213D64CE00EF2E9A /* Project object */;
			proxyType = 1;
			remoteGlobalIDString = 7FE36AFF213D64CE00EF2E9A;
			remoteInfo = PopTiner;
		};
/* End PBXContainerItemProxy section */

/* Begin PBXFileReference section */
		1CCC467FF61BABCD5B688666 /* Pods-PopTiner.debug.xcconfig */ = {isa = PBXFileReference; includeInIndex = 1; lastKnownFileType = text.xcconfig; name = "Pods-PopTiner.debug.xcconfig"; path = "Pods/Target Support Files/Pods-PopTiner/Pods-PopTiner.debug.xcconfig"; sourceTree = "<group>"; };
		7FC02247213FE3DF00419C45 /* VideoModel.m */ = {isa = PBXFileReference; fileEncoding = 4; lastKnownFileType = sourcecode.c.objc; path = VideoModel.m; sourceTree = "<group>"; };
		7FC02248213FE3DF00419C45 /* VideoModel.h */ = {isa = PBXFileReference; fileEncoding = 4; lastKnownFileType = sourcecode.c.h; path = VideoModel.h; sourceTree = "<group>"; };
		7FC0224B2140CAE800419C45 /* AppIcon40x40@2x.png */ = {isa = PBXFileReference; lastKnownFileType = image.png; path = "AppIcon40x40@2x.png"; sourceTree = "<group>"; };
		7FC0224E2140D28100419C45 /* ZZVideoPlayer.h */ = {isa = PBXFileReference; lastKnownFileType = sourcecode.c.h; path = ZZVideoPlayer.h; sourceTree = "<group>"; };
		7FC0224F2140D28100419C45 /* ZZVideoPlayer.m */ = {isa = PBXFileReference; lastKnownFileType = sourcecode.c.objc; path = ZZVideoPlayer.m; sourceTree = "<group>"; };
		7FC02251214103C300419C45 /* ZZVideoResourceLoader.h */ = {isa = PBXFileReference; lastKnownFileType = sourcecode.c.h; path = ZZVideoResourceLoader.h; sourceTree = "<group>"; };
		7FC02252214103C300419C45 /* ZZVideoResourceLoader.m */ = {isa = PBXFileReference; lastKnownFileType = sourcecode.c.objc; path = ZZVideoResourceLoader.m; sourceTree = "<group>"; };
		7FC022552141136B00419C45 /* JPResourceLoadingRequestTask.m */ = {isa = PBXFileReference; fileEncoding = 4; lastKnownFileType = sourcecode.c.objc; path = JPResourceLoadingRequestTask.m; sourceTree = "<group>"; };
		7FC022562141136B00419C45 /* JPVideoPlayerCompat.h */ = {isa = PBXFileReference; fileEncoding = 4; lastKnownFileType = sourcecode.c.h; path = JPVideoPlayerCompat.h; sourceTree = "<group>"; };
		7FC022572141136B00419C45 /* UIView+WebVideoCache.m */ = {isa = PBXFileReference; fileEncoding = 4; lastKnownFileType = sourcecode.c.objc; path = "UIView+WebVideoCache.m"; sourceTree = "<group>"; };
		7FC022582141136C00419C45 /* UITableViewCell+WebVideoCache.h */ = {isa = PBXFileReference; fileEncoding = 4; lastKnownFileType = sourcecode.c.h; path = "UITableViewCell+WebVideoCache.h"; sourceTree = "<group>"; };
		7FC022592141136C00419C45 /* JPVideoPlayerCacheFile.m */ = {isa = PBXFileReference; fileEncoding = 4; lastKnownFileType = sourcecode.c.objc; path = JPVideoPlayerCacheFile.m; sourceTree = "<group>"; };
		7FC0225A2141136C00419C45 /* JPVideoPlayerCache.m */ = {isa = PBXFileReference; fileEncoding = 4; lastKnownFileType = sourcecode.c.objc; path = JPVideoPlayerCache.m; sourceTree = "<group>"; };
		7FC0225B2141136D00419C45 /* JPVideoPlayerCachePath.m */ = {isa = PBXFileReference; fileEncoding = 4; lastKnownFileType = sourcecode.c.objc; path = JPVideoPlayerCachePath.m; sourceTree = "<group>"; };
		7FC0225C2141136D00419C45 /* JPVideoPlayerSupportUtils.m */ = {isa = PBXFileReference; fileEncoding = 4; lastKnownFileType = sourcecode.c.objc; path = JPVideoPlayerSupportUtils.m; sourceTree = "<group>"; };
		7FC0225D2141136E00419C45 /* JPVideoPlayerCachePath.h */ = {isa = PBXFileReference; fileEncoding = 4; lastKnownFileType = sourcecode.c.h; path = JPVideoPlayerCachePath.h; sourceTree = "<group>"; };
		7FC0225E2141136E00419C45 /* JPVideoPlayerCacheFile.h */ = {isa = PBXFileReference; fileEncoding = 4; lastKnownFileType = sourcecode.c.h; path = JPVideoPlayerCacheFile.h; sourceTree = "<group>"; };
		7FC0225F2141136F00419C45 /* JPResourceLoadingRequestTask.h */ = {isa = PBXFileReference; fileEncoding = 4; lastKnownFileType = sourcecode.c.h; path = JPResourceLoadingRequestTask.h; sourceTree = "<group>"; };
		7FC022602141136F00419C45 /* JPVideoPlayer.bundle */ = {isa = PBXFileReference; lastKnownFileType = "wrapper.plug-in"; path = JPVideoPlayer.bundle; sourceTree = "<group>"; };
		7FC022612141137000419C45 /* JPVideoPlayerDownloader.h */ = {isa = PBXFileReference; fileEncoding = 4; lastKnownFileType = sourcecode.c.h; path = JPVideoPlayerDownloader.h; sourceTree = "<group>"; };
		7FC022622141137000419C45 /* UIView+WebVideoCache.h */ = {isa = PBXFileReference; fileEncoding = 4; lastKnownFileType = sourcecode.c.h; path = "UIView+WebVideoCache.h"; sourceTree = "<group>"; };
		7FC022632141137000419C45 /* JPVideoPlayerDownloader.m */ = {isa = PBXFileReference; fileEncoding = 4; lastKnownFileType = sourcecode.c.objc; path = JPVideoPlayerDownloader.m; sourceTree = "<group>"; };
		7FC022642141137100419C45 /* JPVideoPlayer.m */ = {isa = PBXFileReference; fileEncoding = 4; lastKnownFileType = sourcecode.c.objc; path = JPVideoPlayer.m; sourceTree = "<group>"; };
		7FC022652141137100419C45 /* JPVideoPlayerResourceLoader.m */ = {isa = PBXFileReference; fileEncoding = 4; lastKnownFileType = sourcecode.c.objc; path = JPVideoPlayerResourceLoader.m; sourceTree = "<group>"; };
		7FC022662141137100419C45 /* UITableView+WebVideoCache.m */ = {isa = PBXFileReference; fileEncoding = 4; lastKnownFileType = sourcecode.c.objc; path = "UITableView+WebVideoCache.m"; sourceTree = "<group>"; };
		7FC022672141137100419C45 /* UITableView+WebVideoCache.h */ = {isa = PBXFileReference; fileEncoding = 4; lastKnownFileType = sourcecode.c.h; path = "UITableView+WebVideoCache.h"; sourceTree = "<group>"; };
		7FC022682141137100419C45 /* JPVideoPlayerManager.m */ = {isa = PBXFileReference; fileEncoding = 4; lastKnownFileType = sourcecode.c.objc; path = JPVideoPlayerManager.m; sourceTree = "<group>"; };
		7FC022692141137200419C45 /* JPVideoPlayer.h */ = {isa = PBXFileReference; fileEncoding = 4; lastKnownFileType = sourcecode.c.h; path = JPVideoPlayer.h; sourceTree = "<group>"; };
		7FC0226A2141137200419C45 /* JPVideoPlayerProtocol.h */ = {isa = PBXFileReference; fileEncoding = 4; lastKnownFileType = sourcecode.c.h; path = JPVideoPlayerProtocol.h; sourceTree = "<group>"; };
		7FC0226B2141137200419C45 /* JPVideoPlayerControlViews.m */ = {isa = PBXFileReference; fileEncoding = 4; lastKnownFileType = sourcecode.c.objc; path = JPVideoPlayerControlViews.m; sourceTree = "<group>"; };
		7FC0226C2141137200419C45 /* JPVideoPlayerCache.h */ = {isa = PBXFileReference; fileEncoding = 4; lastKnownFileType = sourcecode.c.h; path = JPVideoPlayerCache.h; sourceTree = "<group>"; };
		7FC0226D2141137200419C45 /* JPVideoPlayerControlViews.h */ = {isa = PBXFileReference; fileEncoding = 4; lastKnownFileType = sourcecode.c.h; path = JPVideoPlayerControlViews.h; sourceTree = "<group>"; };
		7FC0226E2141137300419C45 /* JPVideoPlayerResourceLoader.h */ = {isa = PBXFileReference; fileEncoding = 4; lastKnownFileType = sourcecode.c.h; path = JPVideoPlayerResourceLoader.h; sourceTree = "<group>"; };
		7FC0226F2141137300419C45 /* JPVideoPlayerCompat.m */ = {isa = PBXFileReference; fileEncoding = 4; lastKnownFileType = sourcecode.c.objc; path = JPVideoPlayerCompat.m; sourceTree = "<group>"; };
		7FC022702141137400419C45 /* JPVideoPlayerKit.h */ = {isa = PBXFileReference; fileEncoding = 4; lastKnownFileType = sourcecode.c.h; path = JPVideoPlayerKit.h; sourceTree = "<group>"; };
		7FC022712141137400419C45 /* JPVideoPlayerManager.h */ = {isa = PBXFileReference; fileEncoding = 4; lastKnownFileType = sourcecode.c.h; path = JPVideoPlayerManager.h; sourceTree = "<group>"; };
		7FC022722141137400419C45 /* JPVideoPlayerSupportUtils.h */ = {isa = PBXFileReference; fileEncoding = 4; lastKnownFileType = sourcecode.c.h; path = JPVideoPlayerSupportUtils.h; sourceTree = "<group>"; };
		7FC022732141137500419C45 /* UITableViewCell+WebVideoCache.m */ = {isa = PBXFileReference; fileEncoding = 4; lastKnownFileType = sourcecode.c.objc; path = "UITableViewCell+WebVideoCache.m"; sourceTree = "<group>"; };
		7FC022832141266800419C45 /* BaseURLSessionDataTask.h */ = {isa = PBXFileReference; lastKnownFileType = sourcecode.c.h; path = BaseURLSessionDataTask.h; sourceTree = "<group>"; };
		7FC022842141266800419C45 /* BaseURLSessionDataTask.m */ = {isa = PBXFileReference; lastKnownFileType = sourcecode.c.objc; path = BaseURLSessionDataTask.m; sourceTree = "<group>"; };
		7FC02286214127F200419C45 /* NSURLSessionDataTask+CustomContent.h */ = {isa = PBXFileReference; lastKnownFileType = sourcecode.c.h; path = "NSURLSessionDataTask+CustomContent.h"; sourceTree = "<group>"; };
		7FC02287214127F200419C45 /* NSURLSessionDataTask+CustomContent.m */ = {isa = PBXFileReference; lastKnownFileType = sourcecode.c.objc; path = "NSURLSessionDataTask+CustomContent.m"; sourceTree = "<group>"; };
		7FE36B00213D64CE00EF2E9A /* PopTiner.app */ = {isa = PBXFileReference; explicitFileType = wrapper.application; includeInIndex = 0; path = PopTiner.app; sourceTree = BUILT_PRODUCTS_DIR; };
		7FE36B03213D64CE00EF2E9A /* AppDelegate.h */ = {isa = PBXFileReference; lastKnownFileType = sourcecode.c.h; path = AppDelegate.h; sourceTree = "<group>"; };
		7FE36B04213D64CE00EF2E9A /* AppDelegate.m */ = {isa = PBXFileReference; lastKnownFileType = sourcecode.c.objc; path = AppDelegate.m; sourceTree = "<group>"; };
		7FE36B0A213D64CE00EF2E9A /* Base */ = {isa = PBXFileReference; lastKnownFileType = file.storyboard; name = Base; path = Base.lproj/Main.storyboard; sourceTree = "<group>"; };
		7FE36B0C213D64D700EF2E9A /* Assets.xcassets */ = {isa = PBXFileReference; lastKnownFileType = folder.assetcatalog; path = Assets.xcassets; sourceTree = "<group>"; };
		7FE36B0F213D64D700EF2E9A /* Base */ = {isa = PBXFileReference; lastKnownFileType = file.storyboard; name = Base; path = Base.lproj/LaunchScreen.storyboard; sourceTree = "<group>"; };
		7FE36B11213D64D700EF2E9A /* Info.plist */ = {isa = PBXFileReference; lastKnownFileType = text.plist.xml; path = Info.plist; sourceTree = "<group>"; };
		7FE36B12213D64D700EF2E9A /* main.m */ = {isa = PBXFileReference; lastKnownFileType = sourcecode.c.objc; path = main.m; sourceTree = "<group>"; };
		7FE36B18213D64D700EF2E9A /* PopTinerTests.xctest */ = {isa = PBXFileReference; explicitFileType = wrapper.cfbundle; includeInIndex = 0; path = PopTinerTests.xctest; sourceTree = BUILT_PRODUCTS_DIR; };
		7FE36B1C213D64D700EF2E9A /* PopTinerTests.m */ = {isa = PBXFileReference; lastKnownFileType = sourcecode.c.objc; path = PopTinerTests.m; sourceTree = "<group>"; };
		7FE36B1E213D64D700EF2E9A /* Info.plist */ = {isa = PBXFileReference; lastKnownFileType = text.plist.xml; path = Info.plist; sourceTree = "<group>"; };
		7FE36B23213D64D700EF2E9A /* PopTinerUITests.xctest */ = {isa = PBXFileReference; explicitFileType = wrapper.cfbundle; includeInIndex = 0; path = PopTinerUITests.xctest; sourceTree = BUILT_PRODUCTS_DIR; };
		7FE36B27213D64D700EF2E9A /* PopTinerUITests.m */ = {isa = PBXFileReference; lastKnownFileType = sourcecode.c.objc; path = PopTinerUITests.m; sourceTree = "<group>"; };
		7FE36B29213D64D700EF2E9A /* Info.plist */ = {isa = PBXFileReference; lastKnownFileType = text.plist.xml; path = Info.plist; sourceTree = "<group>"; };
		7FE36B36213D664D00EF2E9A /* BaseTabbarController.h */ = {isa = PBXFileReference; lastKnownFileType = sourcecode.c.h; path = BaseTabbarController.h; sourceTree = "<group>"; };
		7FE36B37213D664D00EF2E9A /* BaseTabbarController.m */ = {isa = PBXFileReference; lastKnownFileType = sourcecode.c.objc; path = BaseTabbarController.m; sourceTree = "<group>"; };
		7FE36B39213D666300EF2E9A /* BaseViewController.h */ = {isa = PBXFileReference; lastKnownFileType = sourcecode.c.h; path = BaseViewController.h; sourceTree = "<group>"; };
		7FE36B3A213D666300EF2E9A /* BaseViewController.m */ = {isa = PBXFileReference; lastKnownFileType = sourcecode.c.objc; path = BaseViewController.m; sourceTree = "<group>"; };
		7FE36B3C213D668800EF2E9A /* BaseNavController.h */ = {isa = PBXFileReference; lastKnownFileType = sourcecode.c.h; path = BaseNavController.h; sourceTree = "<group>"; };
		7FE36B3D213D668800EF2E9A /* BaseNavController.m */ = {isa = PBXFileReference; lastKnownFileType = sourcecode.c.objc; path = BaseNavController.m; sourceTree = "<group>"; };
		7FE36B42213F6E9100EF2E9A /* BasePageViewController.h */ = {isa = PBXFileReference; lastKnownFileType = sourcecode.c.h; path = BasePageViewController.h; sourceTree = "<group>"; };
		7FE36B43213F6E9100EF2E9A /* BasePageViewController.m */ = {isa = PBXFileReference; lastKnownFileType = sourcecode.c.objc; path = BasePageViewController.m; sourceTree = "<group>"; };
		7FE36B45213F746B00EF2E9A /* HomeVC.h */ = {isa = PBXFileReference; lastKnownFileType = sourcecode.c.h; path = HomeVC.h; sourceTree = "<group>"; };
		7FE36B46213F746B00EF2E9A /* HomeVC.m */ = {isa = PBXFileReference; lastKnownFileType = sourcecode.c.objc; path = HomeVC.m; sourceTree = "<group>"; };
		7FE36B4A213F774300EF2E9A /* AppIcon60x60@2x.png */ = {isa = PBXFileReference; lastKnownFileType = image.png; path = "AppIcon60x60@2x.png"; sourceTree = "<group>"; };
		7FE36B4B213F774900EF2E9A /* AppIcon60x60@3x.png */ = {isa = PBXFileReference; lastKnownFileType = image.png; path = "AppIcon60x60@3x.png"; sourceTree = "<group>"; };
		7FE36B4C213F774B00EF2E9A /* AppIcon76x76@2x~ipad.png */ = {isa = PBXFileReference; lastKnownFileType = image.png; path = "AppIcon76x76@2x~ipad.png"; sourceTree = "<group>"; };
		7FE36B4D213F774E00EF2E9A /* AppIcon40x40@3x.png */ = {isa = PBXFileReference; lastKnownFileType = image.png; path = "AppIcon40x40@3x.png"; sourceTree = "<group>"; };
		7FE36B4E213F774F00EF2E9A /* AppIcon76x76~ipad.png */ = {isa = PBXFileReference; lastKnownFileType = image.png; path = "AppIcon76x76~ipad.png"; sourceTree = "<group>"; };
		7FE36B4F213F775000EF2E9A /* AppIcon29x29@3x.png */ = {isa = PBXFileReference; lastKnownFileType = image.png; path = "AppIcon29x29@3x.png"; sourceTree = "<group>"; };
		7FE36B50213F775100EF2E9A /* AppIcon83.5x83.5@2x~ipad.png */ = {isa = PBXFileReference; lastKnownFileType = image.png; path = "AppIcon83.5x83.5@2x~ipad.png"; sourceTree = "<group>"; };
		7FE36B51213F775100EF2E9A /* AppIcon29x29@2x.png */ = {isa = PBXFileReference; lastKnownFileType = image.png; path = "AppIcon29x29@2x.png"; sourceTree = "<group>"; };
		7FE36B5B213F7C6700EF2E9A /* AppIcon1024.png */ = {isa = PBXFileReference; lastKnownFileType = image.png; path = AppIcon1024.png; sourceTree = "<group>"; };
		7FE36B62213F9A7700EF2E9A /* IJKMediaFramework.framework */ = {isa = PBXFileReference; lastKnownFileType = wrapper.framework; path = IJKMediaFramework.framework; sourceTree = "<group>"; };
		7FE36B66213F9AB000EF2E9A /* libz.tbd */ = {isa = PBXFileReference; lastKnownFileType = "sourcecode.text-based-dylib-definition"; name = libz.tbd; path = usr/lib/libz.tbd; sourceTree = SDKROOT; };
		7FE36B68213F9AB900EF2E9A /* libbz2.tbd */ = {isa = PBXFileReference; lastKnownFileType = "sourcecode.text-based-dylib-definition"; name = libbz2.tbd; path = usr/lib/libbz2.tbd; sourceTree = SDKROOT; };
		7FE36B6A213F9AC000EF2E9A /* AudioToolbox.framework */ = {isa = PBXFileReference; lastKnownFileType = wrapper.framework; name = AudioToolbox.framework; path = System/Library/Frameworks/AudioToolbox.framework; sourceTree = SDKROOT; };
		7FE36B6C213F9AC700EF2E9A /* UIKit.framework */ = {isa = PBXFileReference; lastKnownFileType = wrapper.framework; name = UIKit.framework; path = System/Library/Frameworks/UIKit.framework; sourceTree = SDKROOT; };
		7FE36B6E213F9ACE00EF2E9A /* CoreGraphics.framework */ = {isa = PBXFileReference; lastKnownFileType = wrapper.framework; name = CoreGraphics.framework; path = System/Library/Frameworks/CoreGraphics.framework; sourceTree = SDKROOT; };
		7FE36B70213F9AD500EF2E9A /* AVFoundation.framework */ = {isa = PBXFileReference; lastKnownFileType = wrapper.framework; name = AVFoundation.framework; path = System/Library/Frameworks/AVFoundation.framework; sourceTree = SDKROOT; };
		7FE36B72213F9ADD00EF2E9A /* CoreMedia.framework */ = {isa = PBXFileReference; lastKnownFileType = wrapper.framework; name = CoreMedia.framework; path = System/Library/Frameworks/CoreMedia.framework; sourceTree = SDKROOT; };
		7FE36B74213F9AE400EF2E9A /* CoreVideo.framework */ = {isa = PBXFileReference; lastKnownFileType = wrapper.framework; name = CoreVideo.framework; path = System/Library/Frameworks/CoreVideo.framework; sourceTree = SDKROOT; };
		7FE36B76213F9AEB00EF2E9A /* MediaPlayer.framework */ = {isa = PBXFileReference; lastKnownFileType = wrapper.framework; name = MediaPlayer.framework; path = System/Library/Frameworks/MediaPlayer.framework; sourceTree = SDKROOT; };
		7FE36B78213F9AF200EF2E9A /* MobileCoreServices.framework */ = {isa = PBXFileReference; lastKnownFileType = wrapper.framework; name = MobileCoreServices.framework; path = System/Library/Frameworks/MobileCoreServices.framework; sourceTree = SDKROOT; };
		7FE36B7A213F9AF800EF2E9A /* OpenGLES.framework */ = {isa = PBXFileReference; lastKnownFileType = wrapper.framework; name = OpenGLES.framework; path = System/Library/Frameworks/OpenGLES.framework; sourceTree = SDKROOT; };
		7FE36B7C213F9AFF00EF2E9A /* QuartzCore.framework */ = {isa = PBXFileReference; lastKnownFileType = wrapper.framework; name = QuartzCore.framework; path = System/Library/Frameworks/QuartzCore.framework; sourceTree = SDKROOT; };
		7FE36B7E213F9B0600EF2E9A /* VideoToolbox.framework */ = {isa = PBXFileReference; lastKnownFileType = wrapper.framework; name = VideoToolbox.framework; path = System/Library/Frameworks/VideoToolbox.framework; sourceTree = SDKROOT; };
		7FE36B80213F9B7200EF2E9A /* libstdc++.tbd */ = {isa = PBXFileReference; lastKnownFileType = "sourcecode.text-based-dylib-definition"; name = "libstdc++.tbd"; path = "usr/lib/libstdc++.tbd"; sourceTree = SDKROOT; };
		7FE36B82213F9BA500EF2E9A /* libc++.tbd */ = {isa = PBXFileReference; lastKnownFileType = "sourcecode.text-based-dylib-definition"; name = "libc++.tbd"; path = "usr/lib/libc++.tbd"; sourceTree = SDKROOT; };
		93E969A23F19849D84A0E373 /* Pods-PopTiner.release.xcconfig */ = {isa = PBXFileReference; includeInIndex = 1; lastKnownFileType = text.xcconfig; name = "Pods-PopTiner.release.xcconfig"; path = "Pods/Target Support Files/Pods-PopTiner/Pods-PopTiner.release.xcconfig"; sourceTree = "<group>"; };
		E8ED2DD0CF551C7650B5E450 /* libPods-PopTiner.a */ = {isa = PBXFileReference; explicitFileType = archive.ar; includeInIndex = 0; path = "libPods-PopTiner.a"; sourceTree = BUILT_PRODUCTS_DIR; };
/* End PBXFileReference section */

/* Begin PBXFrameworksBuildPhase section */
		7FE36AFD213D64CE00EF2E9A /* Frameworks */ = {
			isa = PBXFrameworksBuildPhase;
			buildActionMask = 2147483647;
			files = (
				7FE36B83213F9BA500EF2E9A /* libc++.tbd in Frameworks */,
				7FE36B81213F9B7200EF2E9A /* libstdc++.tbd in Frameworks */,
				7FE36B7F213F9B0600EF2E9A /* VideoToolbox.framework in Frameworks */,
				7FE36B7D213F9AFF00EF2E9A /* QuartzCore.framework in Frameworks */,
				7FE36B7B213F9AF800EF2E9A /* OpenGLES.framework in Frameworks */,
				7FE36B79213F9AF200EF2E9A /* MobileCoreServices.framework in Frameworks */,
				7FE36B77213F9AEB00EF2E9A /* MediaPlayer.framework in Frameworks */,
				7FE36B75213F9AE400EF2E9A /* CoreVideo.framework in Frameworks */,
				7FE36B73213F9ADD00EF2E9A /* CoreMedia.framework in Frameworks */,
				7FE36B71213F9AD500EF2E9A /* AVFoundation.framework in Frameworks */,
				7FE36B6F213F9ACE00EF2E9A /* CoreGraphics.framework in Frameworks */,
				7FE36B6D213F9AC700EF2E9A /* UIKit.framework in Frameworks */,
				7FE36B6B213F9AC000EF2E9A /* AudioToolbox.framework in Frameworks */,
				7FE36B69213F9AB900EF2E9A /* libbz2.tbd in Frameworks */,
				7FE36B67213F9AB000EF2E9A /* libz.tbd in Frameworks */,
				D27BED4F8C1570504DB60B36 /* libPods-PopTiner.a in Frameworks */,
				7FE36B63213F9A7800EF2E9A /* IJKMediaFramework.framework in Frameworks */,
			);
			runOnlyForDeploymentPostprocessing = 0;
		};
		7FE36B15213D64D700EF2E9A /* Frameworks */ = {
			isa = PBXFrameworksBuildPhase;
			buildActionMask = 2147483647;
			files = (
			);
			runOnlyForDeploymentPostprocessing = 0;
		};
		7FE36B20213D64D700EF2E9A /* Frameworks */ = {
			isa = PBXFrameworksBuildPhase;
			buildActionMask = 2147483647;
			files = (
			);
			runOnlyForDeploymentPostprocessing = 0;
		};
/* End PBXFrameworksBuildPhase section */

/* Begin PBXGroup section */
		7FC02246213FE3D400419C45 /* Model */ = {
			isa = PBXGroup;
			children = (
				7FC02248213FE3DF00419C45 /* VideoModel.h */,
				7FC02247213FE3DF00419C45 /* VideoModel.m */,
			);
			path = Model;
			sourceTree = "<group>";
		};
		7FC0224D2140D26800419C45 /* ZZVideoPlayer */ = {
			isa = PBXGroup;
			children = (
				7FC0224E2140D28100419C45 /* ZZVideoPlayer.h */,
				7FC0224F2140D28100419C45 /* ZZVideoPlayer.m */,
				7FC02251214103C300419C45 /* ZZVideoResourceLoader.h */,
				7FC02252214103C300419C45 /* ZZVideoResourceLoader.m */,
			);
			path = ZZVideoPlayer;
			sourceTree = "<group>";
		};
		7FC022542141135E00419C45 /* JPVideoPlayer */ = {
			isa = PBXGroup;
			children = (
				7FC022702141137400419C45 /* JPVideoPlayerKit.h */,
				7FC022692141137200419C45 /* JPVideoPlayer.h */,
				7FC022642141137100419C45 /* JPVideoPlayer.m */,
				7FC0226A2141137200419C45 /* JPVideoPlayerProtocol.h */,
				7FC022712141137400419C45 /* JPVideoPlayerManager.h */,
				7FC022682141137100419C45 /* JPVideoPlayerManager.m */,
				7FC0226D2141137200419C45 /* JPVideoPlayerControlViews.h */,
				7FC0226B2141137200419C45 /* JPVideoPlayerControlViews.m */,
				7FC0226C2141137200419C45 /* JPVideoPlayerCache.h */,
				7FC0225A2141136C00419C45 /* JPVideoPlayerCache.m */,
				7FC0225E2141136E00419C45 /* JPVideoPlayerCacheFile.h */,
				7FC022592141136C00419C45 /* JPVideoPlayerCacheFile.m */,
				7FC0225D2141136E00419C45 /* JPVideoPlayerCachePath.h */,
				7FC0225B2141136D00419C45 /* JPVideoPlayerCachePath.m */,
				7FC022612141137000419C45 /* JPVideoPlayerDownloader.h */,
				7FC022632141137000419C45 /* JPVideoPlayerDownloader.m */,
				7FC0226E2141137300419C45 /* JPVideoPlayerResourceLoader.h */,
				7FC022652141137100419C45 /* JPVideoPlayerResourceLoader.m */,
				7FC0225F2141136F00419C45 /* JPResourceLoadingRequestTask.h */,
				7FC022552141136B00419C45 /* JPResourceLoadingRequestTask.m */,
				7FC022562141136B00419C45 /* JPVideoPlayerCompat.h */,
				7FC0226F2141137300419C45 /* JPVideoPlayerCompat.m */,
				7FC022622141137000419C45 /* UIView+WebVideoCache.h */,
				7FC022572141136B00419C45 /* UIView+WebVideoCache.m */,
				7FC022672141137100419C45 /* UITableView+WebVideoCache.h */,
				7FC022662141137100419C45 /* UITableView+WebVideoCache.m */,
				7FC022582141136C00419C45 /* UITableViewCell+WebVideoCache.h */,
				7FC022732141137500419C45 /* UITableViewCell+WebVideoCache.m */,
				7FC022722141137400419C45 /* JPVideoPlayerSupportUtils.h */,
				7FC0225C2141136D00419C45 /* JPVideoPlayerSupportUtils.m */,
				7FC022602141136F00419C45 /* JPVideoPlayer.bundle */,
			);
			path = JPVideoPlayer;
			sourceTree = "<group>";
		};
		7FE36AF7213D64CE00EF2E9A = {
			isa = PBXGroup;
			children = (
				7FE36B02213D64CE00EF2E9A /* PopTiner */,
				7FE36B1B213D64D700EF2E9A /* PopTinerTests */,
				7FE36B26213D64D700EF2E9A /* PopTinerUITests */,
				7FE36B01213D64CE00EF2E9A /* Products */,
				EF240BC5E80FBAE67F0C8482 /* Pods */,
				DB1163BA86A64B26A36CFAE3 /* Frameworks */,
			);
			sourceTree = "<group>";
		};
		7FE36B01213D64CE00EF2E9A /* Products */ = {
			isa = PBXGroup;
			children = (
				7FE36B00213D64CE00EF2E9A /* PopTiner.app */,
				7FE36B18213D64D700EF2E9A /* PopTinerTests.xctest */,
				7FE36B23213D64D700EF2E9A /* PopTinerUITests.xctest */,
			);
			name = Products;
			sourceTree = "<group>";
		};
		7FE36B02213D64CE00EF2E9A /* PopTiner */ = {
			isa = PBXGroup;
			children = (
				7FC022542141135E00419C45 /* JPVideoPlayer */,
				7FC0224D2140D26800419C45 /* ZZVideoPlayer */,
				7FC02246213FE3D400419C45 /* Model */,
				7FE36B48213F770500EF2E9A /* Resource */,
				7FE36B35213D660B00EF2E9A /* BaseObject */,
				7FE36B03213D64CE00EF2E9A /* AppDelegate.h */,
				7FE36B04213D64CE00EF2E9A /* AppDelegate.m */,
				7FE36B09213D64CE00EF2E9A /* Main.storyboard */,
				7FE36B0C213D64D700EF2E9A /* Assets.xcassets */,
				7FE36B0E213D64D700EF2E9A /* LaunchScreen.storyboard */,
				7FE36B11213D64D700EF2E9A /* Info.plist */,
				7FE36B12213D64D700EF2E9A /* main.m */,
				7FE36B45213F746B00EF2E9A /* HomeVC.h */,
				7FE36B46213F746B00EF2E9A /* HomeVC.m */,
			);
			path = PopTiner;
			sourceTree = "<group>";
		};
		7FE36B1B213D64D700EF2E9A /* PopTinerTests */ = {
			isa = PBXGroup;
			children = (
				7FE36B1C213D64D700EF2E9A /* PopTinerTests.m */,
				7FE36B1E213D64D700EF2E9A /* Info.plist */,
			);
			path = PopTinerTests;
			sourceTree = "<group>";
		};
		7FE36B26213D64D700EF2E9A /* PopTinerUITests */ = {
			isa = PBXGroup;
			children = (
				7FE36B27213D64D700EF2E9A /* PopTinerUITests.m */,
				7FE36B29213D64D700EF2E9A /* Info.plist */,
			);
			path = PopTinerUITests;
			sourceTree = "<group>";
		};
		7FE36B35213D660B00EF2E9A /* BaseObject */ = {
			isa = PBXGroup;
			children = (
				7FE36B36213D664D00EF2E9A /* BaseTabbarController.h */,
				7FE36B37213D664D00EF2E9A /* BaseTabbarController.m */,
				7FE36B39213D666300EF2E9A /* BaseViewController.h */,
				7FE36B3A213D666300EF2E9A /* BaseViewController.m */,
				7FE36B3C213D668800EF2E9A /* BaseNavController.h */,
				7FE36B3D213D668800EF2E9A /* BaseNavController.m */,
				7FE36B42213F6E9100EF2E9A /* BasePageViewController.h */,
				7FE36B43213F6E9100EF2E9A /* BasePageViewController.m */,
				7FC022832141266800419C45 /* BaseURLSessionDataTask.h */,
				7FC022842141266800419C45 /* BaseURLSessionDataTask.m */,
				7FC02286214127F200419C45 /* NSURLSessionDataTask+CustomContent.h */,
				7FC02287214127F200419C45 /* NSURLSessionDataTask+CustomContent.m */,
			);
			path = BaseObject;
			sourceTree = "<group>";
		};
		7FE36B48213F770500EF2E9A /* Resource */ = {
			isa = PBXGroup;
			children = (
				7FE36B51213F775100EF2E9A /* AppIcon29x29@2x.png */,
				7FE36B4F213F775000EF2E9A /* AppIcon29x29@3x.png */,
				7FC0224B2140CAE800419C45 /* AppIcon40x40@2x.png */,
				7FE36B4D213F774E00EF2E9A /* AppIcon40x40@3x.png */,
				7FE36B4A213F774300EF2E9A /* AppIcon60x60@2x.png */,
				7FE36B4B213F774900EF2E9A /* AppIcon60x60@3x.png */,
				7FE36B4C213F774B00EF2E9A /* AppIcon76x76@2x~ipad.png */,
				7FE36B4E213F774F00EF2E9A /* AppIcon76x76~ipad.png */,
				7FE36B50213F775100EF2E9A /* AppIcon83.5x83.5@2x~ipad.png */,
				7FE36B5B213F7C6700EF2E9A /* AppIcon1024.png */,
			);
			path = Resource;
			sourceTree = "<group>";
		};
		DB1163BA86A64B26A36CFAE3 /* Frameworks */ = {
			isa = PBXGroup;
			children = (
				7FE36B82213F9BA500EF2E9A /* libc++.tbd */,
				7FE36B80213F9B7200EF2E9A /* libstdc++.tbd */,
				7FE36B7E213F9B0600EF2E9A /* VideoToolbox.framework */,
				7FE36B7C213F9AFF00EF2E9A /* QuartzCore.framework */,
				7FE36B7A213F9AF800EF2E9A /* OpenGLES.framework */,
				7FE36B78213F9AF200EF2E9A /* MobileCoreServices.framework */,
				7FE36B76213F9AEB00EF2E9A /* MediaPlayer.framework */,
				7FE36B74213F9AE400EF2E9A /* CoreVideo.framework */,
				7FE36B72213F9ADD00EF2E9A /* CoreMedia.framework */,
				7FE36B70213F9AD500EF2E9A /* AVFoundation.framework */,
				7FE36B6E213F9ACE00EF2E9A /* CoreGraphics.framework */,
				7FE36B6C213F9AC700EF2E9A /* UIKit.framework */,
				7FE36B6A213F9AC000EF2E9A /* AudioToolbox.framework */,
				7FE36B68213F9AB900EF2E9A /* libbz2.tbd */,
				7FE36B66213F9AB000EF2E9A /* libz.tbd */,
				7FE36B62213F9A7700EF2E9A /* IJKMediaFramework.framework */,
				E8ED2DD0CF551C7650B5E450 /* libPods-PopTiner.a */,
			);
			name = Frameworks;
			sourceTree = "<group>";
		};
		EF240BC5E80FBAE67F0C8482 /* Pods */ = {
			isa = PBXGroup;
			children = (
				1CCC467FF61BABCD5B688666 /* Pods-PopTiner.debug.xcconfig */,
				93E969A23F19849D84A0E373 /* Pods-PopTiner.release.xcconfig */,
			);
			name = Pods;
			sourceTree = "<group>";
		};
/* End PBXGroup section */

/* Begin PBXNativeTarget section */
		7FE36AFF213D64CE00EF2E9A /* PopTiner */ = {
			isa = PBXNativeTarget;
			buildConfigurationList = 7FE36B2C213D64D700EF2E9A /* Build configuration list for PBXNativeTarget "PopTiner" */;
			buildPhases = (
				0076CDBD0D25BDF0C2E44015 /* [CP] Check Pods Manifest.lock */,
				7FE36AFC213D64CE00EF2E9A /* Sources */,
				7FE36AFD213D64CE00EF2E9A /* Frameworks */,
				7FE36AFE213D64CE00EF2E9A /* Resources */,
			);
			buildRules = (
			);
			dependencies = (
			);
			name = PopTiner;
			productName = PopTiner;
			productReference = 7FE36B00213D64CE00EF2E9A /* PopTiner.app */;
			productType = "com.apple.product-type.application";
		};
		7FE36B17213D64D700EF2E9A /* PopTinerTests */ = {
			isa = PBXNativeTarget;
			buildConfigurationList = 7FE36B2F213D64D700EF2E9A /* Build configuration list for PBXNativeTarget "PopTinerTests" */;
			buildPhases = (
				7FE36B14213D64D700EF2E9A /* Sources */,
				7FE36B15213D64D700EF2E9A /* Frameworks */,
				7FE36B16213D64D700EF2E9A /* Resources */,
			);
			buildRules = (
			);
			dependencies = (
				7FE36B1A213D64D700EF2E9A /* PBXTargetDependency */,
			);
			name = PopTinerTests;
			productName = PopTinerTests;
			productReference = 7FE36B18213D64D700EF2E9A /* PopTinerTests.xctest */;
			productType = "com.apple.product-type.bundle.unit-test";
		};
		7FE36B22213D64D700EF2E9A /* PopTinerUITests */ = {
			isa = PBXNativeTarget;
			buildConfigurationList = 7FE36B32213D64D700EF2E9A /* Build configuration list for PBXNativeTarget "PopTinerUITests" */;
			buildPhases = (
				7FE36B1F213D64D700EF2E9A /* Sources */,
				7FE36B20213D64D700EF2E9A /* Frameworks */,
				7FE36B21213D64D700EF2E9A /* Resources */,
			);
			buildRules = (
			);
			dependencies = (
				7FE36B25213D64D700EF2E9A /* PBXTargetDependency */,
			);
			name = PopTinerUITests;
			productName = PopTinerUITests;
			productReference = 7FE36B23213D64D700EF2E9A /* PopTinerUITests.xctest */;
			productType = "com.apple.product-type.bundle.ui-testing";
		};
/* End PBXNativeTarget section */

/* Begin PBXProject section */
		7FE36AF8213D64CE00EF2E9A /* Project object */ = {
			isa = PBXProject;
			attributes = {
				LastUpgradeCheck = 0940;
				ORGANIZATIONNAME = "zizhou wang";
				TargetAttributes = {
					7FE36AFF213D64CE00EF2E9A = {
						CreatedOnToolsVersion = 9.4.1;
					};
					7FE36B17213D64D700EF2E9A = {
						CreatedOnToolsVersion = 9.4.1;
						TestTargetID = 7FE36AFF213D64CE00EF2E9A;
					};
					7FE36B22213D64D700EF2E9A = {
						CreatedOnToolsVersion = 9.4.1;
						TestTargetID = 7FE36AFF213D64CE00EF2E9A;
					};
				};
			};
			buildConfigurationList = 7FE36AFB213D64CE00EF2E9A /* Build configuration list for PBXProject "PopTiner" */;
			compatibilityVersion = "Xcode 9.3";
			developmentRegion = en;
			hasScannedForEncodings = 0;
			knownRegions = (
				en,
				Base,
			);
			mainGroup = 7FE36AF7213D64CE00EF2E9A;
			productRefGroup = 7FE36B01213D64CE00EF2E9A /* Products */;
			projectDirPath = "";
			projectRoot = "";
			targets = (
				7FE36AFF213D64CE00EF2E9A /* PopTiner */,
				7FE36B17213D64D700EF2E9A /* PopTinerTests */,
				7FE36B22213D64D700EF2E9A /* PopTinerUITests */,
			);
		};
/* End PBXProject section */

/* Begin PBXResourcesBuildPhase section */
		7FE36AFE213D64CE00EF2E9A /* Resources */ = {
			isa = PBXResourcesBuildPhase;
			buildActionMask = 2147483647;
			files = (
				7FE36B59213F775100EF2E9A /* AppIcon83.5x83.5@2x~ipad.png in Resources */,
				7FE36B53213F775100EF2E9A /* AppIcon60x60@2x.png in Resources */,
				7FC0224C2140CAE800419C45 /* AppIcon40x40@2x.png in Resources */,
				7FE36B54213F775100EF2E9A /* AppIcon60x60@3x.png in Resources */,
				7FE36B10213D64D700EF2E9A /* LaunchScreen.storyboard in Resources */,
				7FE36B5C213F7C6800EF2E9A /* AppIcon1024.png in Resources */,
				7FE36B5A213F775100EF2E9A /* AppIcon29x29@2x.png in Resources */,
				7FE36B56213F775100EF2E9A /* AppIcon40x40@3x.png in Resources */,
				7FE36B0D213D64D700EF2E9A /* Assets.xcassets in Resources */,
				7FE36B57213F775100EF2E9A /* AppIcon76x76~ipad.png in Resources */,
				7FC0227A2141137500419C45 /* JPVideoPlayer.bundle in Resources */,
				7FE36B55213F775100EF2E9A /* AppIcon76x76@2x~ipad.png in Resources */,
				7FE36B0B213D64CE00EF2E9A /* Main.storyboard in Resources */,
				7FE36B58213F775100EF2E9A /* AppIcon29x29@3x.png in Resources */,
			);
			runOnlyForDeploymentPostprocessing = 0;
		};
		7FE36B16213D64D700EF2E9A /* Resources */ = {
			isa = PBXResourcesBuildPhase;
			buildActionMask = 2147483647;
			files = (
			);
			runOnlyForDeploymentPostprocessing = 0;
		};
		7FE36B21213D64D700EF2E9A /* Resources */ = {
			isa = PBXResourcesBuildPhase;
			buildActionMask = 2147483647;
			files = (
			);
			runOnlyForDeploymentPostprocessing = 0;
		};
/* End PBXResourcesBuildPhase section */

/* Begin PBXShellScriptBuildPhase section */
		0076CDBD0D25BDF0C2E44015 /* [CP] Check Pods Manifest.lock */ = {
			isa = PBXShellScriptBuildPhase;
			buildActionMask = 2147483647;
			files = (
			);
			inputPaths = (
				"${PODS_PODFILE_DIR_PATH}/Podfile.lock",
				"${PODS_ROOT}/Manifest.lock",
			);
			name = "[CP] Check Pods Manifest.lock";
			outputPaths = (
				"$(DERIVED_FILE_DIR)/Pods-PopTiner-checkManifestLockResult.txt",
			);
			runOnlyForDeploymentPostprocessing = 0;
			shellPath = /bin/sh;
			shellScript = "diff \"${PODS_PODFILE_DIR_PATH}/Podfile.lock\" \"${PODS_ROOT}/Manifest.lock\" > /dev/null\nif [ $? != 0 ] ; then\n    # print error to STDERR\n    echo \"error: The sandbox is not in sync with the Podfile.lock. Run 'pod install' or update your CocoaPods installation.\" >&2\n    exit 1\nfi\n# This output is used by Xcode 'outputs' to avoid re-running this script phase.\necho \"SUCCESS\" > \"${SCRIPT_OUTPUT_FILE_0}\"\n";
			showEnvVarsInLog = 0;
		};
/* End PBXShellScriptBuildPhase section */

/* Begin PBXSourcesBuildPhase section */
		7FE36AFC213D64CE00EF2E9A /* Sources */ = {
			isa = PBXSourcesBuildPhase;
			buildActionMask = 2147483647;
			files = (
				7FC0227C2141137500419C45 /* JPVideoPlayer.m in Sources */,
				7FE36B38213D664D00EF2E9A /* BaseTabbarController.m in Sources */,
				7FE36B3E213D668800EF2E9A /* BaseNavController.m in Sources */,
				7FC0227B2141137500419C45 /* JPVideoPlayerDownloader.m in Sources */,
				7FC022792141137500419C45 /* JPVideoPlayerSupportUtils.m in Sources */,
				7FC022852141266800419C45 /* BaseURLSessionDataTask.m in Sources */,
				7FC022752141137500419C45 /* UIView+WebVideoCache.m in Sources */,
				7FC02253214103C400419C45 /* ZZVideoResourceLoader.m in Sources */,
				7FC022822141137500419C45 /* UITableViewCell+WebVideoCache.m in Sources */,
				7FC022802141137500419C45 /* JPVideoPlayerControlViews.m in Sources */,
				7FE36B3B213D666300EF2E9A /* BaseViewController.m in Sources */,
				7FC022502140D28100419C45 /* ZZVideoPlayer.m in Sources */,
				7FC022762141137500419C45 /* JPVideoPlayerCacheFile.m in Sources */,
				7FC022812141137500419C45 /* JPVideoPlayerCompat.m in Sources */,
				7FC0227D2141137500419C45 /* JPVideoPlayerResourceLoader.m in Sources */,
				7FC022772141137500419C45 /* JPVideoPlayerCache.m in Sources */,
				7FC022782141137500419C45 /* JPVideoPlayerCachePath.m in Sources */,
				7FE36B47213F746B00EF2E9A /* HomeVC.m in Sources */,
				7FC022742141137500419C45 /* JPResourceLoadingRequestTask.m in Sources */,
				7FC02288214127F200419C45 /* NSURLSessionDataTask+CustomContent.m in Sources */,
				7FC0227F2141137500419C45 /* JPVideoPlayerManager.m in Sources */,
				7FC0227E2141137500419C45 /* UITableView+WebVideoCache.m in Sources */,
				7FE36B13213D64D700EF2E9A /* main.m in Sources */,
				7FE36B44213F6E9100EF2E9A /* BasePageViewController.m in Sources */,
				7FE36B05213D64CE00EF2E9A /* AppDelegate.m in Sources */,
				7FC02249213FE3DF00419C45 /* VideoModel.m in Sources */,
			);
			runOnlyForDeploymentPostprocessing = 0;
		};
		7FE36B14213D64D700EF2E9A /* Sources */ = {
			isa = PBXSourcesBuildPhase;
			buildActionMask = 2147483647;
			files = (
				7FE36B1D213D64D700EF2E9A /* PopTinerTests.m in Sources */,
			);
			runOnlyForDeploymentPostprocessing = 0;
		};
		7FE36B1F213D64D700EF2E9A /* Sources */ = {
			isa = PBXSourcesBuildPhase;
			buildActionMask = 2147483647;
			files = (
				7FE36B28213D64D700EF2E9A /* PopTinerUITests.m in Sources */,
			);
			runOnlyForDeploymentPostprocessing = 0;
		};
/* End PBXSourcesBuildPhase section */

/* Begin PBXTargetDependency section */
		7FE36B1A213D64D700EF2E9A /* PBXTargetDependency */ = {
			isa = PBXTargetDependency;
			target = 7FE36AFF213D64CE00EF2E9A /* PopTiner */;
			targetProxy = 7FE36B19213D64D700EF2E9A /* PBXContainerItemProxy */;
		};
		7FE36B25213D64D700EF2E9A /* PBXTargetDependency */ = {
			isa = PBXTargetDependency;
			target = 7FE36AFF213D64CE00EF2E9A /* PopTiner */;
			targetProxy = 7FE36B24213D64D700EF2E9A /* PBXContainerItemProxy */;
		};
/* End PBXTargetDependency section */

/* Begin PBXVariantGroup section */
		7FE36B09213D64CE00EF2E9A /* Main.storyboard */ = {
			isa = PBXVariantGroup;
			children = (
				7FE36B0A213D64CE00EF2E9A /* Base */,
			);
			name = Main.storyboard;
			sourceTree = "<group>";
		};
		7FE36B0E213D64D700EF2E9A /* LaunchScreen.storyboard */ = {
			isa = PBXVariantGroup;
			children = (
				7FE36B0F213D64D700EF2E9A /* Base */,
			);
			name = LaunchScreen.storyboard;
			sourceTree = "<group>";
		};
/* End PBXVariantGroup section */

/* Begin XCBuildConfiguration section */
		7FE36B2A213D64D700EF2E9A /* Debug */ = {
			isa = XCBuildConfiguration;
			buildSettings = {
				ALWAYS_SEARCH_USER_PATHS = NO;
				CLANG_ANALYZER_NONNULL = YES;
				CLANG_ANALYZER_NUMBER_OBJECT_CONVERSION = YES_AGGRESSIVE;
				CLANG_CXX_LANGUAGE_STANDARD = "gnu++14";
				CLANG_CXX_LIBRARY = "libc++";
				CLANG_ENABLE_MODULES = YES;
				CLANG_ENABLE_OBJC_ARC = YES;
				CLANG_ENABLE_OBJC_WEAK = YES;
				CLANG_WARN_BLOCK_CAPTURE_AUTORELEASING = YES;
				CLANG_WARN_BOOL_CONVERSION = YES;
				CLANG_WARN_COMMA = YES;
				CLANG_WARN_CONSTANT_CONVERSION = YES;
				CLANG_WARN_DEPRECATED_OBJC_IMPLEMENTATIONS = YES;
				CLANG_WARN_DIRECT_OBJC_ISA_USAGE = YES_ERROR;
				CLANG_WARN_DOCUMENTATION_COMMENTS = YES;
				CLANG_WARN_EMPTY_BODY = YES;
				CLANG_WARN_ENUM_CONVERSION = YES;
				CLANG_WARN_INFINITE_RECURSION = YES;
				CLANG_WARN_INT_CONVERSION = YES;
				CLANG_WARN_NON_LITERAL_NULL_CONVERSION = YES;
				CLANG_WARN_OBJC_IMPLICIT_RETAIN_SELF = YES;
				CLANG_WARN_OBJC_LITERAL_CONVERSION = YES;
				CLANG_WARN_OBJC_ROOT_CLASS = YES_ERROR;
				CLANG_WARN_RANGE_LOOP_ANALYSIS = YES;
				CLANG_WARN_STRICT_PROTOTYPES = YES;
				CLANG_WARN_SUSPICIOUS_MOVE = YES;
				CLANG_WARN_UNGUARDED_AVAILABILITY = YES_AGGRESSIVE;
				CLANG_WARN_UNREACHABLE_CODE = YES;
				CLANG_WARN__DUPLICATE_METHOD_MATCH = YES;
				CODE_SIGN_IDENTITY = "iPhone Developer";
				COPY_PHASE_STRIP = NO;
				DEBUG_INFORMATION_FORMAT = dwarf;
				ENABLE_STRICT_OBJC_MSGSEND = YES;
				ENABLE_TESTABILITY = YES;
				GCC_C_LANGUAGE_STANDARD = gnu11;
				GCC_DYNAMIC_NO_PIC = NO;
				GCC_NO_COMMON_BLOCKS = YES;
				GCC_OPTIMIZATION_LEVEL = 0;
				GCC_PREPROCESSOR_DEFINITIONS = (
					"DEBUG=1",
					"$(inherited)",
				);
				GCC_WARN_64_TO_32_BIT_CONVERSION = YES;
				GCC_WARN_ABOUT_RETURN_TYPE = YES_ERROR;
				GCC_WARN_UNDECLARED_SELECTOR = YES;
				GCC_WARN_UNINITIALIZED_AUTOS = YES_AGGRESSIVE;
				GCC_WARN_UNUSED_FUNCTION = YES;
				GCC_WARN_UNUSED_VARIABLE = YES;
				IPHONEOS_DEPLOYMENT_TARGET = 11.4;
				MTL_ENABLE_DEBUG_INFO = YES;
				ONLY_ACTIVE_ARCH = YES;
				SDKROOT = iphoneos;
			};
			name = Debug;
		};
		7FE36B2B213D64D700EF2E9A /* Release */ = {
			isa = XCBuildConfiguration;
			buildSettings = {
				ALWAYS_SEARCH_USER_PATHS = NO;
				CLANG_ANALYZER_NONNULL = YES;
				CLANG_ANALYZER_NUMBER_OBJECT_CONVERSION = YES_AGGRESSIVE;
				CLANG_CXX_LANGUAGE_STANDARD = "gnu++14";
				CLANG_CXX_LIBRARY = "libc++";
				CLANG_ENABLE_MODULES = YES;
				CLANG_ENABLE_OBJC_ARC = YES;
				CLANG_ENABLE_OBJC_WEAK = YES;
				CLANG_WARN_BLOCK_CAPTURE_AUTORELEASING = YES;
				CLANG_WARN_BOOL_CONVERSION = YES;
				CLANG_WARN_COMMA = YES;
				CLANG_WARN_CONSTANT_CONVERSION = YES;
				CLANG_WARN_DEPRECATED_OBJC_IMPLEMENTATIONS = YES;
				CLANG_WARN_DIRECT_OBJC_ISA_USAGE = YES_ERROR;
				CLANG_WARN_DOCUMENTATION_COMMENTS = YES;
				CLANG_WARN_EMPTY_BODY = YES;
				CLANG_WARN_ENUM_CONVERSION = YES;
				CLANG_WARN_INFINITE_RECURSION = YES;
				CLANG_WARN_INT_CONVERSION = YES;
				CLANG_WARN_NON_LITERAL_NULL_CONVERSION = YES;
				CLANG_WARN_OBJC_IMPLICIT_RETAIN_SELF = YES;
				CLANG_WARN_OBJC_LITERAL_CONVERSION = YES;
				CLANG_WARN_OBJC_ROOT_CLASS = YES_ERROR;
				CLANG_WARN_RANGE_LOOP_ANALYSIS = YES;
				CLANG_WARN_STRICT_PROTOTYPES = YES;
				CLANG_WARN_SUSPICIOUS_MOVE = YES;
				CLANG_WARN_UNGUARDED_AVAILABILITY = YES_AGGRESSIVE;
				CLANG_WARN_UNREACHABLE_CODE = YES;
				CLANG_WARN__DUPLICATE_METHOD_MATCH = YES;
				CODE_SIGN_IDENTITY = "iPhone Developer";
				COPY_PHASE_STRIP = NO;
				DEBUG_INFORMATION_FORMAT = "dwarf-with-dsym";
				ENABLE_NS_ASSERTIONS = NO;
				ENABLE_STRICT_OBJC_MSGSEND = YES;
				GCC_C_LANGUAGE_STANDARD = gnu11;
				GCC_NO_COMMON_BLOCKS = YES;
				GCC_WARN_64_TO_32_BIT_CONVERSION = YES;
				GCC_WARN_ABOUT_RETURN_TYPE = YES_ERROR;
				GCC_WARN_UNDECLARED_SELECTOR = YES;
				GCC_WARN_UNINITIALIZED_AUTOS = YES_AGGRESSIVE;
				GCC_WARN_UNUSED_FUNCTION = YES;
				GCC_WARN_UNUSED_VARIABLE = YES;
				IPHONEOS_DEPLOYMENT_TARGET = 11.4;
				MTL_ENABLE_DEBUG_INFO = NO;
				SDKROOT = iphoneos;
				VALIDATE_PRODUCT = YES;
			};
			name = Release;
		};
		7FE36B2D213D64D700EF2E9A /* Debug */ = {
			isa = XCBuildConfiguration;
			baseConfigurationReference = 1CCC467FF61BABCD5B688666 /* Pods-PopTiner.debug.xcconfig */;
			buildSettings = {
				ASSETCATALOG_COMPILER_APPICON_NAME = AppIcon;
				CODE_SIGN_STYLE = Automatic;
				DEVELOPMENT_TEAM = XH58WHLUX4;
				FRAMEWORK_SEARCH_PATHS = (
					"$(inherited)",
					"$(PROJECT_DIR)",
				);
				INFOPLIST_FILE = PopTiner/Info.plist;
				IPHONEOS_DEPLOYMENT_TARGET = 9.0;
				LD_RUNPATH_SEARCH_PATHS = (
					"$(inherited)",
					"@executable_path/Frameworks",
				);
				PRODUCT_BUNDLE_IDENTIFIER = PopTiner.PopTinerTest;
				PRODUCT_NAME = "$(TARGET_NAME)";
				TARGETED_DEVICE_FAMILY = 1;
			};
			name = Debug;
		};
		7FE36B2E213D64D700EF2E9A /* Release */ = {
			isa = XCBuildConfiguration;
			baseConfigurationReference = 93E969A23F19849D84A0E373 /* Pods-PopTiner.release.xcconfig */;
			buildSettings = {
				ASSETCATALOG_COMPILER_APPICON_NAME = AppIcon;
				CODE_SIGN_STYLE = Automatic;
				DEVELOPMENT_TEAM = XH58WHLUX4;
				FRAMEWORK_SEARCH_PATHS = (
					"$(inherited)",
					"$(PROJECT_DIR)",
				);
				INFOPLIST_FILE = PopTiner/Info.plist;
				IPHONEOS_DEPLOYMENT_TARGET = 9.0;
				LD_RUNPATH_SEARCH_PATHS = (
					"$(inherited)",
					"@executable_path/Frameworks",
				);
				PRODUCT_BUNDLE_IDENTIFIER = PopTiner.PopTinerTest;
				PRODUCT_NAME = "$(TARGET_NAME)";
				TARGETED_DEVICE_FAMILY = 1;
			};
			name = Release;
		};
		7FE36B30213D64D700EF2E9A /* Debug */ = {
			isa = XCBuildConfiguration;
			buildSettings = {
				BUNDLE_LOADER = "$(TEST_HOST)";
				CODE_SIGN_STYLE = Automatic;
				INFOPLIST_FILE = PopTinerTests/Info.plist;
				LD_RUNPATH_SEARCH_PATHS = (
					"$(inherited)",
					"@executable_path/Frameworks",
					"@loader_path/Frameworks",
				);
				PRODUCT_BUNDLE_IDENTIFIER = PopTiner.PopTinerTests;
				PRODUCT_NAME = "$(TARGET_NAME)";
				TARGETED_DEVICE_FAMILY = "1,2";
				TEST_HOST = "$(BUILT_PRODUCTS_DIR)/PopTiner.app/PopTiner";
			};
			name = Debug;
		};
		7FE36B31213D64D700EF2E9A /* Release */ = {
			isa = XCBuildConfiguration;
			buildSettings = {
				BUNDLE_LOADER = "$(TEST_HOST)";
				CODE_SIGN_STYLE = Automatic;
				INFOPLIST_FILE = PopTinerTests/Info.plist;
				LD_RUNPATH_SEARCH_PATHS = (
					"$(inherited)",
					"@executable_path/Frameworks",
					"@loader_path/Frameworks",
				);
				PRODUCT_BUNDLE_IDENTIFIER = PopTiner.PopTinerTests;
				PRODUCT_NAME = "$(TARGET_NAME)";
				TARGETED_DEVICE_FAMILY = "1,2";
				TEST_HOST = "$(BUILT_PRODUCTS_DIR)/PopTiner.app/PopTiner";
			};
			name = Release;
		};
		7FE36B33213D64D700EF2E9A /* Debug */ = {
			isa = XCBuildConfiguration;
			buildSettings = {
				CODE_SIGN_STYLE = Automatic;
				INFOPLIST_FILE = PopTinerUITests/Info.plist;
				LD_RUNPATH_SEARCH_PATHS = (
					"$(inherited)",
					"@executable_path/Frameworks",
					"@loader_path/Frameworks",
				);
				PRODUCT_BUNDLE_IDENTIFIER = PopTiner.PopTinerUITests;
				PRODUCT_NAME = "$(TARGET_NAME)";
				TARGETED_DEVICE_FAMILY = "1,2";
				TEST_TARGET_NAME = PopTiner;
			};
			name = Debug;
		};
		7FE36B34213D64D700EF2E9A /* Release */ = {
			isa = XCBuildConfiguration;
			buildSettings = {
				CODE_SIGN_STYLE = Automatic;
				INFOPLIST_FILE = PopTinerUITests/Info.plist;
				LD_RUNPATH_SEARCH_PATHS = (
					"$(inherited)",
					"@executable_path/Frameworks",
					"@loader_path/Frameworks",
				);
				PRODUCT_BUNDLE_IDENTIFIER = PopTiner.PopTinerUITests;
				PRODUCT_NAME = "$(TARGET_NAME)";
				TARGETED_DEVICE_FAMILY = "1,2";
				TEST_TARGET_NAME = PopTiner;
			};
			name = Release;
		};
/* End XCBuildConfiguration section */

/* Begin XCConfigurationList section */
		7FE36AFB213D64CE00EF2E9A /* Build configuration list for PBXProject "PopTiner" */ = {
			isa = XCConfigurationList;
			buildConfigurations = (
				7FE36B2A213D64D700EF2E9A /* Debug */,
				7FE36B2B213D64D700EF2E9A /* Release */,
			);
			defaultConfigurationIsVisible = 0;
			defaultConfigurationName = Release;
		};
		7FE36B2C213D64D700EF2E9A /* Build configuration list for PBXNativeTarget "PopTiner" */ = {
			isa = XCConfigurationList;
			buildConfigurations = (
				7FE36B2D213D64D700EF2E9A /* Debug */,
				7FE36B2E213D64D700EF2E9A /* Release */,
			);
			defaultConfigurationIsVisible = 0;
			defaultConfigurationName = Release;
		};
		7FE36B2F213D64D700EF2E9A /* Build configuration list for PBXNativeTarget "PopTinerTests" */ = {
			isa = XCConfigurationList;
			buildConfigurations = (
				7FE36B30213D64D700EF2E9A /* Debug */,
				7FE36B31213D64D700EF2E9A /* Release */,
			);
			defaultConfigurationIsVisible = 0;
			defaultConfigurationName = Release;
		};
		7FE36B32213D64D700EF2E9A /* Build configuration list for PBXNativeTarget "PopTinerUITests" */ = {
			isa = XCConfigurationList;
			buildConfigurations = (
				7FE36B33213D64D700EF2E9A /* Debug */,
				7FE36B34213D64D700EF2E9A /* Release */,
			);
			defaultConfigurationIsVisible = 0;
			defaultConfigurationName = Release;
		};
/* End XCConfigurationList section */
	};
	rootObject = 7FE36AF8213D64CE00EF2E9A /* Project object */;
}
